
Microsoft Visual Studio Solution File, Format Version 12.00
# Visual Studio 15
VisualStudioVersion = 15.0.28010.2003
MinimumVisualStudioVersion = 10.0.40219.1
Project("{9A19103F-16F7-4668-BE54-9A1E7A4F7556}") = "msg.client", "msg.client\msg.client.csproj", "{A0E846DC-4A92-488A-B1A2-411A1F6925E2}"
EndProject
Project("{FAE04EC0-301F-11D3-BF4B-00C04F79EFBC}") = "msg.server", "msg.server\msg.server.csproj", "{6332AACF-9D95-4B02-9902-921904B11E61}"
EndProject
Project("{FAE04EC0-301F-11D3-BF4B-00C04F79EFBC}") = "msg.lib", "msg.lib\msg.lib.csproj", "{2CDDAB74-108D-4FA8-946F-236B047D69A7}"
EndProject
Global
	GlobalSection(SolutionConfigurationPlatforms) = preSolution
		Debug|Any CPU = Debug|Any CPU
		Release|Any CPU = Release|Any CPU
	EndGlobalSection
	GlobalSection(ProjectConfigurationPlatforms) = postSolution
		{A0E846DC-4A92-488A-B1A2-411A1F6925E2}.Debug|Any CPU.ActiveCfg = Debug|Any CPU
		{A0E846DC-4A92-488A-B1A2-411A1F6925E2}.Debug|Any CPU.Build.0 = Debug|Any CPU
		{A0E846DC-4A92-488A-B1A2-411A1F6925E2}.Release|Any CPU.ActiveCfg = Release|Any CPU
		{A0E846DC-4A92-488A-B1A2-411A1F6925E2}.Release|Any CPU.Build.0 = Release|Any CPU
		{6332AACF-9D95-4B02-9902-921904B11E61}.Debug|Any CPU.ActiveCfg = Debug|Any CPU
		{6332AACF-9D95-4B02-9902-921904B11E61}.Debug|Any CPU.Build.0 = Debug|Any CPU
		{6332AACF-9D95-4B02-9902-921904B11E61}.Release|Any CPU.ActiveCfg = Release|Any CPU
		{6332AACF-9D95-4B02-9902-921904B11E61}.Release|Any CPU.Build.0 = Release|Any CPU
		{2CDDAB74-108D-4FA8-946F-236B047D69A7}.Debug|Any CPU.ActiveCfg = Debug|Any CPU
		{2CDDAB74-108D-4FA8-946F-236B047D69A7}.Debug|Any CPU.Build.0 = Debug|Any CPU
		{2CDDAB74-108D-4FA8-946F-236B047D69A7}.Release|Any CPU.ActiveCfg = Release|Any CPU
		{2CDDAB74-108D-4FA8-946F-236B047D69A7}.Release|Any CPU.Build.0 = Release|Any CPU
	EndGlobalSection
	GlobalSection(SolutionProperties) = preSolution
		HideSolutionNode = FALSE
	EndGlobalSection
	GlobalSection(ExtensibilityGlobals) = postSolution
		SolutionGuid = {F2A3CE07-7467-474C-952C-439FE24E0B2F}
	EndGlobalSection
EndGlobal
